
Microsoft Visual Studio Solution File, Format Version 12.00
# Visual Studio Version 16
VisualStudioVersion = 16.0.33927.289
MinimumVisualStudioVersion = 10.0.40219.1
Project("{2150E333-8FDC-42A3-9474-1A3956D46DE8}") = "Task0", "Task0", "{D794CB0C-A105-44EA-8C2F-E6292B466A8C}"
EndProject
Project("{8BC9CEB8-8B4A-11D0-8D11-00A0C91BC942}") = "Tyuiu.IbrayevAA.Sprint0.Task0.V0", "Tyuiu.IbrayevAA.Sprint0.Task0.V0\Tyuiu.IbrayevAA.Sprint0.Task0.V0.vcxproj", "{36FA8E4E-A7EE-4C52-BF65-F4EB7B0BE6EF}"
EndProject
Project("{2150E333-8FDC-42A3-9474-1A3956D46DE8}") = "Task1", "Task1", "{B3AFE238-D867-48E3-8FF1-D3983C47067E}"
EndProject
Project("{8BC9CEB8-8B4A-11D0-8D11-00A0C91BC942}") = "Tyuiu.IbrayevAA.Sprint0.Task1.V0", "Tyuiu.IbrayevAA.Sprint0.Task1.V0\Tyuiu.IbrayevAA.Sprint0.Task1.V0.vcxproj", "{D99605B7-5AFB-485B-A129-F601BA65A1C4}"
EndProject
Project("{8BC9CEB8-8B4A-11D0-8D11-00A0C91BC942}") = "Tyuiu.IbrayevAA.Sprint0.Task2.V0", "Tyuiu.IbrayevAA.Sprint0.Task2.V0\Tyuiu.IbrayevAA.Sprint0.Task2.V0.vcxproj", "{C0491FB9-8045-4EC3-8920-7CC50CFCCD58}"
EndProject
Project("{8BC9CEB8-8B4A-11D0-8D11-00A0C91BC942}") = "Tyuiu.IbrayevAA.Sprint0.Task2.V0.Test", "Tyuiu.IbrayevAA.Sprint0.Task2.V0.Test\Tyuiu.IbrayevAA.Sprint0.Task2.V0.Test.vcxproj", "{544440F2-53BD-42E3-B686-358343CB1684}"
EndProject
Project("{8BC9CEB8-8B4A-11D0-8D11-00A0C91BC942}") = "Tyuiu.IbrayevAA.Sprint0.Task2.V0.Lib", "Tyuiu.IbrayevAA.Sprint0.Task2.V0.Lib\Tyuiu.IbrayevAA.Sprint0.Task2.V0.Lib.vcxproj", "{D93B3BCF-F1FB-40EB-BD54-A5D82ED24C44}"
EndProject
Project("{2150E333-8FDC-42A3-9474-1A3956D46DE8}") = "Task3", "Task3", "{5A0F1C2A-9A5A-4965-8C12-0357C3E8EF21}"
EndProject
Project("{8BC9CEB8-8B4A-11D0-8D11-00A0C91BC942}") = "Tyuiu.IbrayevAA.Sprint0.Task3.V0", "Tyuiu.IbrayevAA.Sprint0.Task3.V0\Tyuiu.IbrayevAA.Sprint0.Task3.V0.vcxproj", "{E9E8C7D3-B042-4F40-B33C-A00463511272}"
EndProject
Project("{8BC9CEB8-8B4A-11D0-8D11-00A0C91BC942}") = "Tyuiu.IbrayevAA.Sprint0.Task3.V0.Lib", "Tyuiu.IbrayevAA.Sprint0.Task3.V0.Lib\Tyuiu.IbrayevAA.Sprint0.Task3.V0.Lib.vcxproj", "{BCB03A8D-4D9D-4C73-A52F-EE7672B2E0DA}"
EndProject
Project("{8BC9CEB8-8B4A-11D0-8D11-00A0C91BC942}") = "Tyuiu.IbrayevAA.Sprint0.Task3.V0.Test", "Tyuiu.IbrayevAA.Sprint0.Task3.V0.Test\Tyuiu.IbrayevAA.Sprint0.Task3.V0.Test.vcxproj", "{76FE9642-F92D-4A98-973D-3D24063CC08B}"
EndProject
Project("{2150E333-8FDC-42A3-9474-1A3956D46DE8}") = "Task2", "Task2", "{6159924F-10F9-42B6-9741-41334D5564BE}"
EndProject
Project("{2150E333-8FDC-42A3-9474-1A3956D46DE8}") = "Task4", "Task4", "{5A44D468-12BA-4634-8866-0A97D45104E9}"
EndProject
Project("{8BC9CEB8-8B4A-11D0-8D11-00A0C91BC942}") = "Tyuiu.IbrayevAA.Sprint0.Task4.V0", "Tyuiu.IbrayevAA.Sprint0.Task4.V0\Tyuiu.IbrayevAA.Sprint0.Task4.V0.vcxproj", "{6E9398D5-0902-49B9-A8EA-433A08D71305}"
EndProject
Project("{8BC9CEB8-8B4A-11D0-8D11-00A0C91BC942}") = "Tyuiu.IbrayevAA.Sprint0.Task4.V0.Lib", "Tyuiu.IbrayevAA.Sprint0.Task4.V0.Lib\Tyuiu.IbrayevAA.Sprint0.Task4.V0.Lib.vcxproj", "{47B761CF-4C7A-4666-8A5A-7AA5FF37CF6C}"
EndProject
Project("{8BC9CEB8-8B4A-11D0-8D11-00A0C91BC942}") = "Tyuiu.IbrayevAA.Sprint0.Task4.V0.Test", "Tyuiu.IbrayevAA.Sprint0.Task4.V0.Test\Tyuiu.IbrayevAA.Sprint0.Task4.V0.Test.vcxproj", "{3F99A932-FD4C-4304-BEA2-F962348F10A8}"
EndProject
Global
	GlobalSection(SolutionConfigurationPlatforms) = preSolution
		Debug|x64 = Debug|x64
		Debug|x86 = Debug|x86
		Release|x64 = Release|x64
		Release|x86 = Release|x86
	EndGlobalSection
	GlobalSection(ProjectConfigurationPlatforms) = postSolution
		{36FA8E4E-A7EE-4C52-BF65-F4EB7B0BE6EF}.Debug|x64.ActiveCfg = Debug|x64
		{36FA8E4E-A7EE-4C52-BF65-F4EB7B0BE6EF}.Debug|x64.Build.0 = Debug|x64
		{36FA8E4E-A7EE-4C52-BF65-F4EB7B0BE6EF}.Debug|x86.ActiveCfg = Debug|Win32
		{36FA8E4E-A7EE-4C52-BF65-F4EB7B0BE6EF}.Debug|x86.Build.0 = Debug|Win32
		{36FA8E4E-A7EE-4C52-BF65-F4EB7B0BE6EF}.Release|x64.ActiveCfg = Release|x64
		{36FA8E4E-A7EE-4C52-BF65-F4EB7B0BE6EF}.Release|x64.Build.0 = Release|x64
		{36FA8E4E-A7EE-4C52-BF65-F4EB7B0BE6EF}.Release|x86.ActiveCfg = Release|Win32
		{36FA8E4E-A7EE-4C52-BF65-F4EB7B0BE6EF}.Release|x86.Build.0 = Release|Win32
		{D99605B7-5AFB-485B-A129-F601BA65A1C4}.Debug|x64.ActiveCfg = Debug|x64
		{D99605B7-5AFB-485B-A129-F601BA65A1C4}.Debug|x64.Build.0 = Debug|x64
		{D99605B7-5AFB-485B-A129-F601BA65A1C4}.Debug|x86.ActiveCfg = Debug|Win32
		{D99605B7-5AFB-485B-A129-F601BA65A1C4}.Debug|x86.Build.0 = Debug|Win32
		{D99605B7-5AFB-485B-A129-F601BA65A1C4}.Release|x64.ActiveCfg = Release|x64
		{D99605B7-5AFB-485B-A129-F601BA65A1C4}.Release|x64.Build.0 = Release|x64
		{D99605B7-5AFB-485B-A129-F601BA65A1C4}.Release|x86.ActiveCfg = Release|Win32
		{D99605B7-5AFB-485B-A129-F601BA65A1C4}.Release|x86.Build.0 = Release|Win32
		{C0491FB9-8045-4EC3-8920-7CC50CFCCD58}.Debug|x64.ActiveCfg = Debug|x64
		{C0491FB9-8045-4EC3-8920-7CC50CFCCD58}.Debug|x64.Build.0 = Debug|x64
		{C0491FB9-8045-4EC3-8920-7CC50CFCCD58}.Debug|x86.ActiveCfg = Debug|Win32
		{C0491FB9-8045-4EC3-8920-7CC50CFCCD58}.Debug|x86.Build.0 = Debug|Win32
		{C0491FB9-8045-4EC3-8920-7CC50CFCCD58}.Release|x64.ActiveCfg = Release|x64
		{C0491FB9-8045-4EC3-8920-7CC50CFCCD58}.Release|x64.Build.0 = Release|x64
		{C0491FB9-8045-4EC3-8920-7CC50CFCCD58}.Release|x86.ActiveCfg = Release|Win32
		{C0491FB9-8045-4EC3-8920-7CC50CFCCD58}.Release|x86.Build.0 = Release|Win32
		{544440F2-53BD-42E3-B686-358343CB1684}.Debug|x64.ActiveCfg = Debug|x64
		{544440F2-53BD-42E3-B686-358343CB1684}.Debug|x64.Build.0 = Debug|x64
		{544440F2-53BD-42E3-B686-358343CB1684}.Debug|x86.ActiveCfg = Debug|Win32
		{544440F2-53BD-42E3-B686-358343CB1684}.Debug|x86.Build.0 = Debug|Win32
		{544440F2-53BD-42E3-B686-358343CB1684}.Release|x64.ActiveCfg = Release|x64
		{544440F2-53BD-42E3-B686-358343CB1684}.Release|x64.Build.0 = Release|x64
		{544440F2-53BD-42E3-B686-358343CB1684}.Release|x86.ActiveCfg = Release|Win32
		{544440F2-53BD-42E3-B686-358343CB1684}.Release|x86.Build.0 = Release|Win32
		{D93B3BCF-F1FB-40EB-BD54-A5D82ED24C44}.Debug|x64.ActiveCfg = Debug|x64
		{D93B3BCF-F1FB-40EB-BD54-A5D82ED24C44}.Debug|x64.Build.0 = Debug|x64
		{D93B3BCF-F1FB-40EB-BD54-A5D82ED24C44}.Debug|x86.ActiveCfg = Debug|Win32
		{D93B3BCF-F1FB-40EB-BD54-A5D82ED24C44}.Debug|x86.Build.0 = Debug|Win32
		{D93B3BCF-F1FB-40EB-BD54-A5D82ED24C44}.Release|x64.ActiveCfg = Release|x64
		{D93B3BCF-F1FB-40EB-BD54-A5D82ED24C44}.Release|x64.Build.0 = Release|x64
		{D93B3BCF-F1FB-40EB-BD54-A5D82ED24C44}.Release|x86.ActiveCfg = Release|Win32
		{D93B3BCF-F1FB-40EB-BD54-A5D82ED24C44}.Release|x86.Build.0 = Release|Win32
		{E9E8C7D3-B042-4F40-B33C-A00463511272}.Debug|x64.ActiveCfg = Debug|x64
		{E9E8C7D3-B042-4F40-B33C-A00463511272}.Debug|x64.Build.0 = Debug|x64
		{E9E8C7D3-B042-4F40-B33C-A00463511272}.Debug|x86.ActiveCfg = Debug|Win32
		{E9E8C7D3-B042-4F40-B33C-A00463511272}.Debug|x86.Build.0 = Debug|Win32
		{E9E8C7D3-B042-4F40-B33C-A00463511272}.Release|x64.ActiveCfg = Release|x64
		{E9E8C7D3-B042-4F40-B33C-A00463511272}.Release|x64.Build.0 = Release|x64
		{E9E8C7D3-B042-4F40-B33C-A00463511272}.Release|x86.ActiveCfg = Release|Win32
		{E9E8C7D3-B042-4F40-B33C-A00463511272}.Release|x86.Build.0 = Release|Win32
		{BCB03A8D-4D9D-4C73-A52F-EE7672B2E0DA}.Debug|x64.ActiveCfg = Debug|x64
		{BCB03A8D-4D9D-4C73-A52F-EE7672B2E0DA}.Debug|x64.Build.0 = Debug|x64
		{BCB03A8D-4D9D-4C73-A52F-EE7672B2E0DA}.Debug|x86.ActiveCfg = Debug|Win32
		{BCB03A8D-4D9D-4C73-A52F-EE7672B2E0DA}.Debug|x86.Build.0 = Debug|Win32
		{BCB03A8D-4D9D-4C73-A52F-EE7672B2E0DA}.Release|x64.ActiveCfg = Release|x64
		{BCB03A8D-4D9D-4C73-A52F-EE7672B2E0DA}.Release|x64.Build.0 = Release|x64
		{BCB03A8D-4D9D-4C73-A52F-EE7672B2E0DA}.Release|x86.ActiveCfg = Release|Win32
		{BCB03A8D-4D9D-4C73-A52F-EE7672B2E0DA}.Release|x86.Build.0 = Release|Win32
		{76FE9642-F92D-4A98-973D-3D24063CC08B}.Debug|x64.ActiveCfg = Debug|x64
		{76FE9642-F92D-4A98-973D-3D24063CC08B}.Debug|x64.Build.0 = Debug|x64
		{76FE9642-F92D-4A98-973D-3D24063CC08B}.Debug|x86.ActiveCfg = Debug|Win32
		{76FE9642-F92D-4A98-973D-3D24063CC08B}.Debug|x86.Build.0 = Debug|Win32
		{76FE9642-F92D-4A98-973D-3D24063CC08B}.Release|x64.ActiveCfg = Release|x64
		{76FE9642-F92D-4A98-973D-3D24063CC08B}.Release|x64.Build.0 = Release|x64
		{76FE9642-F92D-4A98-973D-3D24063CC08B}.Release|x86.ActiveCfg = Release|Win32
		{76FE9642-F92D-4A98-973D-3D24063CC08B}.Release|x86.Build.0 = Release|Win32
		{6E9398D5-0902-49B9-A8EA-433A08D71305}.Debug|x64.ActiveCfg = Debug|x64
		{6E9398D5-0902-49B9-A8EA-433A08D71305}.Debug|x64.Build.0 = Debug|x64
		{6E9398D5-0902-49B9-A8EA-433A08D71305}.Debug|x86.ActiveCfg = Debug|Win32
		{6E9398D5-0902-49B9-A8EA-433A08D71305}.Debug|x86.Build.0 = Debug|Win32
		{6E9398D5-0902-49B9-A8EA-433A08D71305}.Release|x64.ActiveCfg = Release|x64
		{6E9398D5-0902-49B9-A8EA-433A08D71305}.Release|x64.Build.0 = Release|x64
		{6E9398D5-0902-49B9-A8EA-433A08D71305}.Release|x86.ActiveCfg = Release|Win32
		{6E9398D5-0902-49B9-A8EA-433A08D71305}.Release|x86.Build.0 = Release|Win32
		{47B761CF-4C7A-4666-8A5A-7AA5FF37CF6C}.Debug|x64.ActiveCfg = Debug|x64
		{47B761CF-4C7A-4666-8A5A-7AA5FF37CF6C}.Debug|x64.Build.0 = Debug|x64
		{47B761CF-4C7A-4666-8A5A-7AA5FF37CF6C}.Debug|x86.ActiveCfg = Debug|Win32
		{47B761CF-4C7A-4666-8A5A-7AA5FF37CF6C}.Debug|x86.Build.0 = Debug|Win32
		{47B761CF-4C7A-4666-8A5A-7AA5FF37CF6C}.Release|x64.ActiveCfg = Release|x64
		{47B761CF-4C7A-4666-8A5A-7AA5FF37CF6C}.Release|x64.Build.0 = Release|x64
		{47B761CF-4C7A-4666-8A5A-7AA5FF37CF6C}.Release|x86.ActiveCfg = Release|Win32
		{47B761CF-4C7A-4666-8A5A-7AA5FF37CF6C}.Release|x86.Build.0 = Release|Win32
		{3F99A932-FD4C-4304-BEA2-F962348F10A8}.Debug|x64.ActiveCfg = Debug|x64
		{3F99A932-FD4C-4304-BEA2-F962348F10A8}.Debug|x64.Build.0 = Debug|x64
		{3F99A932-FD4C-4304-BEA2-F962348F10A8}.Debug|x86.ActiveCfg = Debug|Win32
		{3F99A932-FD4C-4304-BEA2-F962348F10A8}.Debug|x86.Build.0 = Debug|Win32
		{3F99A932-FD4C-4304-BEA2-F962348F10A8}.Release|x64.ActiveCfg = Release|x64
		{3F99A932-FD4C-4304-BEA2-F962348F10A8}.Release|x64.Build.0 = Release|x64
		{3F99A932-FD4C-4304-BEA2-F962348F10A8}.Release|x86.ActiveCfg = Release|Win32
		{3F99A932-FD4C-4304-BEA2-F962348F10A8}.Release|x86.Build.0 = Release|Win32
	EndGlobalSection
	GlobalSection(SolutionProperties) = preSolution
		HideSolutionNode = FALSE
	EndGlobalSection
	GlobalSection(NestedProjects) = preSolution
		{36FA8E4E-A7EE-4C52-BF65-F4EB7B0BE6EF} = {D794CB0C-A105-44EA-8C2F-E6292B466A8C}
		{D99605B7-5AFB-485B-A129-F601BA65A1C4} = {B3AFE238-D867-48E3-8FF1-D3983C47067E}
		{C0491FB9-8045-4EC3-8920-7CC50CFCCD58} = {6159924F-10F9-42B6-9741-41334D5564BE}
		{544440F2-53BD-42E3-B686-358343CB1684} = {6159924F-10F9-42B6-9741-41334D5564BE}
		{D93B3BCF-F1FB-40EB-BD54-A5D82ED24C44} = {6159924F-10F9-42B6-9741-41334D5564BE}
		{E9E8C7D3-B042-4F40-B33C-A00463511272} = {5A0F1C2A-9A5A-4965-8C12-0357C3E8EF21}
		{BCB03A8D-4D9D-4C73-A52F-EE7672B2E0DA} = {5A0F1C2A-9A5A-4965-8C12-0357C3E8EF21}
		{76FE9642-F92D-4A98-973D-3D24063CC08B} = {5A0F1C2A-9A5A-4965-8C12-0357C3E8EF21}
		{6E9398D5-0902-49B9-A8EA-433A08D71305} = {5A44D468-12BA-4634-8866-0A97D45104E9}
		{47B761CF-4C7A-4666-8A5A-7AA5FF37CF6C} = {5A44D468-12BA-4634-8866-0A97D45104E9}
		{3F99A932-FD4C-4304-BEA2-F962348F10A8} = {5A44D468-12BA-4634-8866-0A97D45104E9}
	EndGlobalSection
	GlobalSection(ExtensibilityGlobals) = postSolution
		SolutionGuid = {B8A21C5B-6095-4A89-9001-B3D9A458492B}
	EndGlobalSection
EndGlobal
